
Microsoft Visual Studio Solution File, Format Version 12.00
# Visual Studio Version 17
VisualStudioVersion = 17.14.37314.3
MinimumVisualStudioVersion = 10.0.40219.1
Project("{FAE04EC0-301F-11D3-BF4B-00C04F79EFBC}") = "ComfyJamSummer", "ComfyJamSummer\ComfyJamSummer.csproj", "{10030F60-8A77-4334-A5AA-6D2923E4BC07}"
EndProject
Project("{FAE04EC0-301F-11D3-BF4B-00C04F79EFBC}") = "Nez.MG38", "..\..\..\Downloads\Nez-master\Nez.Portable\Nez.MG38.csproj", "{4C35F87B-D312-8AB0-021A-3FF76AA9B2E3}"
EndProject
Global
	GlobalSection(SolutionConfigurationPlatforms) = preSolution
		Debug|Any CPU = Debug|Any CPU
		Debug|x64 = Debug|x64
		Release|Any CPU = Release|Any CPU
		Release|x64 = Release|x64
	EndGlobalSection
	GlobalSection(ProjectConfigurationPlatforms) = postSolution
		{10030F60-8A77-4334-A5AA-6D2923E4BC07}.Debug|Any CPU.ActiveCfg = Debug|Any CPU
		{10030F60-8A77-4334-A5AA-6D2923E4BC07}.Debug|Any CPU.Build.0 = Debug|Any CPU
		{10030F60-8A77-4334-A5AA-6D2923E4BC07}.Debug|x64.ActiveCfg = Debug|x64
		{10030F60-8A77-4334-A5AA-6D2923E4BC07}.Debug|x64.Build.0 = Debug|x64
		{10030F60-8A77-4334-A5AA-6D2923E4BC07}.Release|Any CPU.ActiveCfg = Release|Any CPU
		{10030F60-8A77-4334-A5AA-6D2923E4BC07}.Release|Any CPU.Build.0 = Release|Any CPU
		{10030F60-8A77-4334-A5AA-6D2923E4BC07}.Release|x64.ActiveCfg = Release|x64
		{10030F60-8A77-4334-A5AA-6D2923E4BC07}.Release|x64.Build.0 = Release|x64
		{4C35F87B-D312-8AB0-021A-3FF76AA9B2E3}.Debug|Any CPU.ActiveCfg = Debug|Any CPU
		{4C35F87B-D312-8AB0-021A-3FF76AA9B2E3}.Debug|Any CPU.Build.0 = Debug|Any CPU
		{4C35F87B-D312-8AB0-021A-3FF76AA9B2E3}.Debug|x64.ActiveCfg = Debug|Any CPU
		{4C35F87B-D312-8AB0-021A-3FF76AA9B2E3}.Debug|x64.Build.0 = Debug|Any CPU
		{4C35F87B-D312-8AB0-021A-3FF76AA9B2E3}.Release|Any CPU.ActiveCfg = Release|Any CPU
		{4C35F87B-D312-8AB0-021A-3FF76AA9B2E3}.Release|Any CPU.Build.0 = Release|Any CPU
		{4C35F87B-D312-8AB0-021A-3FF76AA9B2E3}.Release|x64.ActiveCfg = Release|Any CPU
		{4C35F87B-D312-8AB0-021A-3FF76AA9B2E3}.Release|x64.Build.0 = Release|Any CPU
	EndGlobalSection
	GlobalSection(SolutionProperties) = preSolution
		HideSolutionNode = FALSE
	EndGlobalSection
	GlobalSection(ExtensibilityGlobals) = postSolution
		SolutionGuid = {FF918A89-B25D-47CC-B338-DB936C9DEF40}
	EndGlobalSection
EndGlobal
